
Microsoft Visual Studio Solution File, Format Version 12.00
# Visual Studio Version 16
VisualStudioVersion = 16.0.30804.86
MinimumVisualStudioVersion = 10.0.40219.1
Project("{FAE04EC0-301F-11D3-BF4B-00C04F79EFBC}") = "Petr", "Petr\Petr.csproj", "{EC9EEAB7-1EAE-4C8A-BAEA-40E07A0147DE}"
EndProject
Global
	GlobalSection(SolutionConfigurationPlatforms) = preSolution
		Debug|Any CPU = Debug|Any CPU
		Release|Any CPU = Release|Any CPU
	EndGlobalSection
	GlobalSection(ProjectConfigurationPlatforms) = postSolution
		{EC9EEAB7-1EAE-4C8A-BAEA-40E07A0147DE}.Debug|Any CPU.ActiveCfg = Debug|Any CPU
		{EC9EEAB7-1EAE-4C8A-BAEA-40E07A0147DE}.Debug|Any CPU.Build.0 = Debug|Any CPU
		{EC9EEAB7-1EAE-4C8A-BAEA-40E07A0147DE}.Release|Any CPU.ActiveCfg = Release|Any CPU
		{EC9EEAB7-1EAE-4C8A-BAEA-40E07A0147DE}.Release|Any CPU.Build.0 = Release|Any CPU
	EndGlobalSection
	GlobalSection(SolutionProperties) = preSolution
		HideSolutionNode = FALSE
	EndGlobalSection
	GlobalSection(ExtensibilityGlobals) = postSolution
		SolutionGuid = {8DF1E115-B8D7-4059-A496-81B7785154F3}
	EndGlobalSection
EndGlobal
